
Microsoft Visual Studio Solution File, Format Version 12.00
# Visual Studio Version 17
VisualStudioVersion = 17.14.36301.6
MinimumVisualStudioVersion = 10.0.40219.1
Project("{00D1A9C2-B5F0-4AF3-8072-F6C62B433612}") = "Database1", "Database1\Database1.sqlproj", "{758720FD-E569-419F-B450-418EC501191B}"
EndProject
Global
	GlobalSection(SolutionConfigurationPlatforms) = preSolution
		Debug|Any CPU = Debug|Any CPU
		Release|Any CPU = Release|Any CPU
	EndGlobalSection
	GlobalSection(ProjectConfigurationPlatforms) = postSolution
		{758720FD-E569-419F-B450-418EC501191B}.Debug|Any CPU.ActiveCfg = Debug|Any CPU
		{758720FD-E569-419F-B450-418EC501191B}.Debug|Any CPU.Build.0 = Debug|Any CPU
		{758720FD-E569-419F-B450-418EC501191B}.Debug|Any CPU.Deploy.0 = Debug|Any CPU
		{758720FD-E569-419F-B450-418EC501191B}.Release|Any CPU.ActiveCfg = Release|Any CPU
		{758720FD-E569-419F-B450-418EC501191B}.Release|Any CPU.Build.0 = Release|Any CPU
		{758720FD-E569-419F-B450-418EC501191B}.Release|Any CPU.Deploy.0 = Release|Any CPU
	EndGlobalSection
	GlobalSection(SolutionProperties) = preSolution
		HideSolutionNode = FALSE
	EndGlobalSection
	GlobalSection(ExtensibilityGlobals) = postSolution
		SolutionGuid = {E83CDF67-84E4-45AB-BC5B-5A6E02A1AC83}
	EndGlobalSection
EndGlobal
